{
  "version": 4,
  "terraform_version": "1.9.6",
  "serial": 7,
  "lineage": "88e3dc0c-e09f-7654-8334-570769037218",
  "outputs": {},
  "resources": [
    {
      "mode": "managed",
      "type": "mongodbatlas_cluster",
      "name": "hackathon_cluster",
      "provider": "provider[\"registry.terraform.io/mongodb/mongodbatlas\"]",
      "instances": [
        {
          "schema_version": 1,
          "attributes": {
            "accept_data_risks_and_force_replica_set_reconfig": "",
            "advanced_configuration": [
              {
                "change_stream_options_pre_and_post_images_expire_after_seconds": -1,
                "default_read_concern": "",
                "default_write_concern": "",
                "fail_index_key_too_long": false,
                "javascript_enabled": true,
                "minimum_enabled_tls_protocol": "TLS1_2",
                "no_table_scan": false,
                "oplog_min_retention_hours": 0,
                "oplog_size_mb": 0,
                "sample_refresh_interval_bi_connector": 0,
                "sample_size_bi_connector": 0,
                "transaction_lifetime_limit_seconds": 0
              }
            ],
            "auto_scaling_compute_enabled": false,
            "auto_scaling_compute_scale_down_enabled": false,
            "auto_scaling_disk_gb_enabled": false,
            "backing_provider_name": null,
            "backup_enabled": false,
            "bi_connector_config": [
              {
                "enabled": false,
                "read_preference": "secondary"
              }
            ],
            "cloud_backup": null,
            "cluster_id": "66eef4a48ad2145f326a237b",
            "cluster_type": "REPLICASET",
            "connection_strings": [
              {
                "private": "",
                "private_endpoint": [],
                "private_srv": "",
                "standard": "mongodb://hackathon-cluster-shard-00-00.izmhb.mongodb.net:27017,hackathon-cluster-shard-00-01.izmhb.mongodb.net:27017,hackathon-cluster-shard-00-02.izmhb.mongodb.net:27017/?ssl=true\u0026authSource=admin\u0026replicaSet=atlas-uiydw7-shard-0",
                "standard_srv": "mongodb+srv://hackathon-cluster.izmhb.mongodb.net"
              }
            ],
            "container_id": "66eef4a48ad2145f326a2378",
            "disk_size_gb": 10,
            "encryption_at_rest_provider": "NONE",
            "id": "Y2x1c3Rlcl9pZA==:NjZlZWY0YTQ4YWQyMTQ1ZjMyNmEyMzdi-Y2x1c3Rlcl9uYW1l:aGFja2F0aG9uLWNsdXN0ZXI=-cHJvamVjdF9pZA==:NjZlZWYxYTAwOWY5OWM0Y2VhN2Y0ZDRk-cHJvdmlkZXJfbmFtZQ==:QVdT",
            "labels": [],
            "mongo_db_major_version": "5.0",
            "mongo_db_version": "5.0.28",
            "mongo_uri": "mongodb://hackathon-cluster-shard-00-00.izmhb.mongodb.net:27017,hackathon-cluster-shard-00-01.izmhb.mongodb.net:27017,hackathon-cluster-shard-00-02.izmhb.mongodb.net:27017",
            "mongo_uri_updated": "2024-09-21T16:41:44Z",
            "mongo_uri_with_options": "mongodb://hackathon-cluster-shard-00-00.izmhb.mongodb.net:27017,hackathon-cluster-shard-00-01.izmhb.mongodb.net:27017,hackathon-cluster-shard-00-02.izmhb.mongodb.net:27017/?ssl=true\u0026authSource=admin\u0026replicaSet=atlas-uiydw7-shard-0",
            "name": "hackathon-cluster",
            "num_shards": 1,
            "paused": false,
            "pit_enabled": false,
            "project_id": "66eef1a009f99c4cea7f4d4d",
            "provider_auto_scaling_compute_max_instance_size": "",
            "provider_auto_scaling_compute_min_instance_size": "",
            "provider_disk_iops": 3000,
            "provider_disk_type_name": "",
            "provider_encrypt_ebs_volume": null,
            "provider_encrypt_ebs_volume_flag": true,
            "provider_instance_size_name": "M10",
            "provider_name": "AWS",
            "provider_region_name": "US_EAST_2",
            "provider_volume_type": "STANDARD",
            "replication_factor": 3,
            "replication_specs": [
              {
                "id": "66eef4a48ad2145f326a2332",
                "num_shards": 1,
                "regions_config": [
                  {
                    "analytics_nodes": 0,
                    "electable_nodes": 3,
                    "priority": 7,
                    "read_only_nodes": 0,
                    "region_name": "US_EAST_2"
                  }
                ],
                "zone_name": "ZoneName managed by Terraform"
              }
            ],
            "retain_backups_enabled": null,
            "snapshot_backup_policy": [],
            "srv_address": "mongodb+srv://hackathon-cluster.izmhb.mongodb.net",
            "state_name": "IDLE",
            "tags": [],
            "termination_protection_enabled": false,
            "timeouts": null,
            "version_release_system": "LTS"
          },
          "sensitive_attributes": [],
          "private": "eyJlMmJmYjczMC1lY2FhLTExZTYtOGY4OC0zNDM2M2JjN2M0YzAiOnsiY3JlYXRlIjoxMDgwMDAwMDAwMDAwMCwiZGVsZXRlIjoxMDgwMDAwMDAwMDAwMCwidXBkYXRlIjoxMDgwMDAwMDAwMDAwMH0sInNjaGVtYV92ZXJzaW9uIjoiMSJ9",
          "dependencies": [
            "mongodbatlas_project.hackathon_project"
          ]
        }
      ]
    },
    {
      "mode": "managed",
      "type": "mongodbatlas_database_user",
      "name": "hackathon_user",
      "provider": "provider[\"registry.terraform.io/mongodb/mongodbatlas\"]",
      "instances": [
        {
          "schema_version": 0,
          "attributes": {
            "auth_database_name": "admin",
            "aws_iam_type": "NONE",
            "id": "YXV0aF9kYXRhYmFzZV9uYW1l:YWRtaW4=-cHJvamVjdF9pZA==:NjZlZWYxYTAwOWY5OWM0Y2VhN2Y0ZDRk-dXNlcm5hbWU=:aGFja2F0aG9uLXVzZXI=",
            "labels": [],
            "ldap_auth_type": "NONE",
            "oidc_auth_type": "NONE",
            "password": "Sx1nmYCBnFMArWcB",
            "project_id": "66eef1a009f99c4cea7f4d4d",
            "roles": [
              {
                "collection_name": null,
                "database_name": "hackathon_db",
                "role_name": "readWrite"
              }
            ],
            "scopes": [],
            "username": "hackathon-user",
            "x509_type": "NONE"
          },
          "sensitive_attributes": [
            [
              {
                "type": "get_attr",
                "value": "password"
              }
            ]
          ],
          "dependencies": [
            "mongodbatlas_project.hackathon_project"
          ]
        }
      ]
    },
    {
      "mode": "managed",
      "type": "mongodbatlas_project",
      "name": "hackathon_project",
      "provider": "provider[\"registry.terraform.io/mongodb/mongodbatlas\"]",
      "instances": [
        {
          "schema_version": 0,
          "attributes": {
            "cluster_count": 0,
            "created": "2024-09-21T16:17:37Z",
            "id": "66eef1a009f99c4cea7f4d4d",
            "ip_addresses": {
              "services": {
                "clusters": []
              }
            },
            "is_collect_database_specifics_statistics_enabled": true,
            "is_data_explorer_enabled": true,
            "is_extended_storage_sizes_enabled": false,
            "is_performance_advisor_enabled": true,
            "is_realtime_performance_panel_enabled": true,
            "is_schema_advisor_enabled": true,
            "limits": [],
            "name": "Hackathon Project",
            "org_id": "66b3ac8ddfed2055a1f753b2",
            "project_owner_id": null,
            "region_usage_restrictions": null,
            "tags": null,
            "teams": [],
            "with_default_alerts_settings": true
          },
          "sensitive_attributes": []
        }
      ]
    }
  ],
  "check_results": null
}
