{
  "version": 4,
  "terraform_version": "1.9.6",
  "serial": 5,
  "lineage": "88e3dc0c-e09f-7654-8334-570769037218",
  "outputs": {},
  "resources": [
    {
      "mode": "managed",
      "type": "mongodbatlas_database_user",
      "name": "hackathon_user",
      "provider": "provider[\"registry.terraform.io/mongodb/mongodbatlas\"]",
      "instances": [
        {
          "schema_version": 0,
          "attributes": {
            "auth_database_name": "admin",
            "aws_iam_type": "NONE",
            "id": "YXV0aF9kYXRhYmFzZV9uYW1l:YWRtaW4=-cHJvamVjdF9pZA==:NjZlZWYxYTAwOWY5OWM0Y2VhN2Y0ZDRk-dXNlcm5hbWU=:aGFja2F0aG9uLXVzZXI=",
            "labels": [],
            "ldap_auth_type": "NONE",
            "oidc_auth_type": "NONE",
            "password": "Sx1nmYCBnFMArWcB",
            "project_id": "66eef1a009f99c4cea7f4d4d",
            "roles": [
              {
                "collection_name": null,
                "database_name": "hackathon_db",
                "role_name": "readWrite"
              }
            ],
            "scopes": [],
            "username": "hackathon-user",
            "x509_type": "NONE"
          },
          "sensitive_attributes": [
            [
              {
                "type": "get_attr",
                "value": "password"
              }
            ]
          ],
          "dependencies": [
            "mongodbatlas_project.hackathon_project"
          ]
        }
      ]
    },
    {
      "mode": "managed",
      "type": "mongodbatlas_project",
      "name": "hackathon_project",
      "provider": "provider[\"registry.terraform.io/mongodb/mongodbatlas\"]",
      "instances": [
        {
          "schema_version": 0,
          "attributes": {
            "cluster_count": 0,
            "created": "2024-09-21T16:17:37Z",
            "id": "66eef1a009f99c4cea7f4d4d",
            "ip_addresses": {
              "services": {
                "clusters": []
              }
            },
            "is_collect_database_specifics_statistics_enabled": true,
            "is_data_explorer_enabled": true,
            "is_extended_storage_sizes_enabled": false,
            "is_performance_advisor_enabled": true,
            "is_realtime_performance_panel_enabled": true,
            "is_schema_advisor_enabled": true,
            "limits": [],
            "name": "Hackathon Project",
            "org_id": "66b3ac8ddfed2055a1f753b2",
            "project_owner_id": null,
            "region_usage_restrictions": null,
            "tags": null,
            "teams": [],
            "with_default_alerts_settings": true
          },
          "sensitive_attributes": []
        }
      ]
    }
  ],
  "check_results": null
}
